
Microsoft Visual Studio Solution File, Format Version 12.00
# Visual Studio Version 17
VisualStudioVersion = 17.0.31903.59
MinimumVisualStudioVersion = 10.0.40219.1
Project("{FAE04EC0-301F-11D3-BF4B-00C04F79EFBC}") = "WpfAppOldStyle", "WpfAppOld\WpfAppOldStyle.csproj", "{7CD1D7CB-A7E9-4466-BEA0-3266EBB57459}"
EndProject
Project("{FAE04EC0-301F-11D3-BF4B-00C04F79EFBC}") = "Models", "Models\Models.csproj", "{262C6A48-AE34-D77E-44A9-AF0CD30983F0}"
EndProject
Project("{FAE04EC0-301F-11D3-BF4B-00C04F79EFBC}") = "ViewModels", "ViewModels\ViewModels.csproj", "{55936537-3749-C7DC-F15C-3531E8498743}"
EndProject
Project("{FAE04EC0-301F-11D3-BF4B-00C04F79EFBC}") = "WpfAppNewStyle", "WpfAppNewStyle\WpfAppNewStyle.csproj", "{2FBFC717-6C35-4A7A-9E3C-6CE671200F22}"
EndProject
Project("{FAE04EC0-301F-11D3-BF4B-00C04F79EFBC}") = "ModelAndVMTests", "ModelAndVMTests\ModelAndVMTests.csproj", "{52B907EA-A097-44BF-BB64-9864EB7BBC65}"
EndProject
Project("{FAE04EC0-301F-11D3-BF4B-00C04F79EFBC}") = "WpfAppToolkit", "WpfAppToolkit\WpfAppToolkit.csproj", "{20DDBBDA-379B-4CE1-857B-54F24FF17D8F}"
EndProject
Project("{FAE04EC0-301F-11D3-BF4B-00C04F79EFBC}") = "PerformanceBenchmarks", "PerformanceBenchmarks\PerformanceBenchmarks.csproj", "{ECD1E8AA-4A11-4D4D-9FD6-AA23D864C8E5}"
EndProject
Project("{FAE04EC0-301F-11D3-BF4B-00C04F79EFBC}") = "Services", "Services\Services.csproj", "{3C6B5C4E-3E87-4E3E-8FE1-78D989B0C1E5}"
EndProject
Project("{FAE04EC0-301F-11D3-BF4B-00C04F79EFBC}") = "WinFormsAppToolkit", "WinFormsAppToolkit\WinFormsAppToolkit.csproj", "{BB225ADB-E082-47D7-828E-FE3BAC04BE93}"
EndProject
Global
	GlobalSection(SolutionConfigurationPlatforms) = preSolution
		Debug|Any CPU = Debug|Any CPU
		Debug|x64 = Debug|x64
		Debug|x86 = Debug|x86
		Release|Any CPU = Release|Any CPU
		Release|x64 = Release|x64
		Release|x86 = Release|x86
	EndGlobalSection
	GlobalSection(ProjectConfigurationPlatforms) = postSolution
		{7CD1D7CB-A7E9-4466-BEA0-3266EBB57459}.Debug|Any CPU.ActiveCfg = Debug|Any CPU
		{7CD1D7CB-A7E9-4466-BEA0-3266EBB57459}.Debug|Any CPU.Build.0 = Debug|Any CPU
		{7CD1D7CB-A7E9-4466-BEA0-3266EBB57459}.Debug|x64.ActiveCfg = Debug|Any CPU
		{7CD1D7CB-A7E9-4466-BEA0-3266EBB57459}.Debug|x64.Build.0 = Debug|Any CPU
		{7CD1D7CB-A7E9-4466-BEA0-3266EBB57459}.Debug|x86.ActiveCfg = Debug|Any CPU
		{7CD1D7CB-A7E9-4466-BEA0-3266EBB57459}.Debug|x86.Build.0 = Debug|Any CPU
		{7CD1D7CB-A7E9-4466-BEA0-3266EBB57459}.Release|Any CPU.ActiveCfg = Release|Any CPU
		{7CD1D7CB-A7E9-4466-BEA0-3266EBB57459}.Release|Any CPU.Build.0 = Release|Any CPU
		{7CD1D7CB-A7E9-4466-BEA0-3266EBB57459}.Release|x64.ActiveCfg = Release|Any CPU
		{7CD1D7CB-A7E9-4466-BEA0-3266EBB57459}.Release|x64.Build.0 = Release|Any CPU
		{7CD1D7CB-A7E9-4466-BEA0-3266EBB57459}.Release|x86.ActiveCfg = Release|Any CPU
		{7CD1D7CB-A7E9-4466-BEA0-3266EBB57459}.Release|x86.Build.0 = Release|Any CPU
		{262C6A48-AE34-D77E-44A9-AF0CD30983F0}.Debug|Any CPU.ActiveCfg = Debug|Any CPU
		{262C6A48-AE34-D77E-44A9-AF0CD30983F0}.Debug|Any CPU.Build.0 = Debug|Any CPU
		{262C6A48-AE34-D77E-44A9-AF0CD30983F0}.Debug|x64.ActiveCfg = Debug|Any CPU
		{262C6A48-AE34-D77E-44A9-AF0CD30983F0}.Debug|x64.Build.0 = Debug|Any CPU
		{262C6A48-AE34-D77E-44A9-AF0CD30983F0}.Debug|x86.ActiveCfg = Debug|Any CPU
		{262C6A48-AE34-D77E-44A9-AF0CD30983F0}.Debug|x86.Build.0 = Debug|Any CPU
		{262C6A48-AE34-D77E-44A9-AF0CD30983F0}.Release|Any CPU.ActiveCfg = Release|Any CPU
		{262C6A48-AE34-D77E-44A9-AF0CD30983F0}.Release|Any CPU.Build.0 = Release|Any CPU
		{262C6A48-AE34-D77E-44A9-AF0CD30983F0}.Release|x64.ActiveCfg = Release|Any CPU
		{262C6A48-AE34-D77E-44A9-AF0CD30983F0}.Release|x64.Build.0 = Release|Any CPU
		{262C6A48-AE34-D77E-44A9-AF0CD30983F0}.Release|x86.ActiveCfg = Release|Any CPU
		{262C6A48-AE34-D77E-44A9-AF0CD30983F0}.Release|x86.Build.0 = Release|Any CPU
		{55936537-3749-C7DC-F15C-3531E8498743}.Debug|Any CPU.ActiveCfg = Debug|Any CPU
		{55936537-3749-C7DC-F15C-3531E8498743}.Debug|Any CPU.Build.0 = Debug|Any CPU
		{55936537-3749-C7DC-F15C-3531E8498743}.Debug|x64.ActiveCfg = Debug|Any CPU
		{55936537-3749-C7DC-F15C-3531E8498743}.Debug|x64.Build.0 = Debug|Any CPU
		{55936537-3749-C7DC-F15C-3531E8498743}.Debug|x86.ActiveCfg = Debug|Any CPU
		{55936537-3749-C7DC-F15C-3531E8498743}.Debug|x86.Build.0 = Debug|Any CPU
		{55936537-3749-C7DC-F15C-3531E8498743}.Release|Any CPU.ActiveCfg = Release|Any CPU
		{55936537-3749-C7DC-F15C-3531E8498743}.Release|Any CPU.Build.0 = Release|Any CPU
		{55936537-3749-C7DC-F15C-3531E8498743}.Release|x64.ActiveCfg = Release|Any CPU
		{55936537-3749-C7DC-F15C-3531E8498743}.Release|x64.Build.0 = Release|Any CPU
		{55936537-3749-C7DC-F15C-3531E8498743}.Release|x86.ActiveCfg = Release|Any CPU
		{55936537-3749-C7DC-F15C-3531E8498743}.Release|x86.Build.0 = Release|Any CPU
		{2FBFC717-6C35-4A7A-9E3C-6CE671200F22}.Debug|Any CPU.ActiveCfg = Debug|Any CPU
		{2FBFC717-6C35-4A7A-9E3C-6CE671200F22}.Debug|Any CPU.Build.0 = Debug|Any CPU
		{2FBFC717-6C35-4A7A-9E3C-6CE671200F22}.Debug|x64.ActiveCfg = Debug|Any CPU
		{2FBFC717-6C35-4A7A-9E3C-6CE671200F22}.Debug|x64.Build.0 = Debug|Any CPU
		{2FBFC717-6C35-4A7A-9E3C-6CE671200F22}.Debug|x86.ActiveCfg = Debug|Any CPU
		{2FBFC717-6C35-4A7A-9E3C-6CE671200F22}.Debug|x86.Build.0 = Debug|Any CPU
		{2FBFC717-6C35-4A7A-9E3C-6CE671200F22}.Release|Any CPU.ActiveCfg = Release|Any CPU
		{2FBFC717-6C35-4A7A-9E3C-6CE671200F22}.Release|Any CPU.Build.0 = Release|Any CPU
		{2FBFC717-6C35-4A7A-9E3C-6CE671200F22}.Release|x64.ActiveCfg = Release|Any CPU
		{2FBFC717-6C35-4A7A-9E3C-6CE671200F22}.Release|x64.Build.0 = Release|Any CPU
		{2FBFC717-6C35-4A7A-9E3C-6CE671200F22}.Release|x86.ActiveCfg = Release|Any CPU
		{2FBFC717-6C35-4A7A-9E3C-6CE671200F22}.Release|x86.Build.0 = Release|Any CPU
		{52B907EA-A097-44BF-BB64-9864EB7BBC65}.Debug|Any CPU.ActiveCfg = Debug|Any CPU
		{52B907EA-A097-44BF-BB64-9864EB7BBC65}.Debug|Any CPU.Build.0 = Debug|Any CPU
		{52B907EA-A097-44BF-BB64-9864EB7BBC65}.Debug|x64.ActiveCfg = Debug|Any CPU
		{52B907EA-A097-44BF-BB64-9864EB7BBC65}.Debug|x64.Build.0 = Debug|Any CPU
		{52B907EA-A097-44BF-BB64-9864EB7BBC65}.Debug|x86.ActiveCfg = Debug|Any CPU
		{52B907EA-A097-44BF-BB64-9864EB7BBC65}.Debug|x86.Build.0 = Debug|Any CPU
		{52B907EA-A097-44BF-BB64-9864EB7BBC65}.Release|Any CPU.ActiveCfg = Release|Any CPU
		{52B907EA-A097-44BF-BB64-9864EB7BBC65}.Release|Any CPU.Build.0 = Release|Any CPU
		{52B907EA-A097-44BF-BB64-9864EB7BBC65}.Release|x64.ActiveCfg = Release|Any CPU
		{52B907EA-A097-44BF-BB64-9864EB7BBC65}.Release|x64.Build.0 = Release|Any CPU
		{52B907EA-A097-44BF-BB64-9864EB7BBC65}.Release|x86.ActiveCfg = Release|Any CPU
		{52B907EA-A097-44BF-BB64-9864EB7BBC65}.Release|x86.Build.0 = Release|Any CPU
		{20DDBBDA-379B-4CE1-857B-54F24FF17D8F}.Debug|Any CPU.ActiveCfg = Debug|Any CPU
		{20DDBBDA-379B-4CE1-857B-54F24FF17D8F}.Debug|Any CPU.Build.0 = Debug|Any CPU
		{20DDBBDA-379B-4CE1-857B-54F24FF17D8F}.Debug|x64.ActiveCfg = Debug|Any CPU
		{20DDBBDA-379B-4CE1-857B-54F24FF17D8F}.Debug|x64.Build.0 = Debug|Any CPU
		{20DDBBDA-379B-4CE1-857B-54F24FF17D8F}.Debug|x86.ActiveCfg = Debug|Any CPU
		{20DDBBDA-379B-4CE1-857B-54F24FF17D8F}.Debug|x86.Build.0 = Debug|Any CPU
		{20DDBBDA-379B-4CE1-857B-54F24FF17D8F}.Release|Any CPU.ActiveCfg = Release|Any CPU
		{20DDBBDA-379B-4CE1-857B-54F24FF17D8F}.Release|Any CPU.Build.0 = Release|Any CPU
		{20DDBBDA-379B-4CE1-857B-54F24FF17D8F}.Release|x64.ActiveCfg = Release|Any CPU
		{20DDBBDA-379B-4CE1-857B-54F24FF17D8F}.Release|x64.Build.0 = Release|Any CPU
		{20DDBBDA-379B-4CE1-857B-54F24FF17D8F}.Release|x86.ActiveCfg = Release|Any CPU
		{20DDBBDA-379B-4CE1-857B-54F24FF17D8F}.Release|x86.Build.0 = Release|Any CPU
		{ECD1E8AA-4A11-4D4D-9FD6-AA23D864C8E5}.Debug|Any CPU.ActiveCfg = Debug|Any CPU
		{ECD1E8AA-4A11-4D4D-9FD6-AA23D864C8E5}.Debug|Any CPU.Build.0 = Debug|Any CPU
		{ECD1E8AA-4A11-4D4D-9FD6-AA23D864C8E5}.Debug|x64.ActiveCfg = Debug|Any CPU
		{ECD1E8AA-4A11-4D4D-9FD6-AA23D864C8E5}.Debug|x64.Build.0 = Debug|Any CPU
		{ECD1E8AA-4A11-4D4D-9FD6-AA23D864C8E5}.Debug|x86.ActiveCfg = Debug|Any CPU
		{ECD1E8AA-4A11-4D4D-9FD6-AA23D864C8E5}.Debug|x86.Build.0 = Debug|Any CPU
		{ECD1E8AA-4A11-4D4D-9FD6-AA23D864C8E5}.Release|Any CPU.ActiveCfg = Release|Any CPU
		{ECD1E8AA-4A11-4D4D-9FD6-AA23D864C8E5}.Release|Any CPU.Build.0 = Release|Any CPU
		{ECD1E8AA-4A11-4D4D-9FD6-AA23D864C8E5}.Release|x64.ActiveCfg = Release|Any CPU
		{ECD1E8AA-4A11-4D4D-9FD6-AA23D864C8E5}.Release|x64.Build.0 = Release|Any CPU
		{ECD1E8AA-4A11-4D4D-9FD6-AA23D864C8E5}.Release|x86.ActiveCfg = Release|Any CPU
		{ECD1E8AA-4A11-4D4D-9FD6-AA23D864C8E5}.Release|x86.Build.0 = Release|Any CPU
		{3C6B5C4E-3E87-4E3E-8FE1-78D989B0C1E5}.Debug|Any CPU.ActiveCfg = Debug|Any CPU
		{3C6B5C4E-3E87-4E3E-8FE1-78D989B0C1E5}.Debug|Any CPU.Build.0 = Debug|Any CPU
		{3C6B5C4E-3E87-4E3E-8FE1-78D989B0C1E5}.Debug|x64.ActiveCfg = Debug|Any CPU
		{3C6B5C4E-3E87-4E3E-8FE1-78D989B0C1E5}.Debug|x64.Build.0 = Debug|Any CPU
		{3C6B5C4E-3E87-4E3E-8FE1-78D989B0C1E5}.Debug|x86.ActiveCfg = Debug|Any CPU
		{3C6B5C4E-3E87-4E3E-8FE1-78D989B0C1E5}.Debug|x86.Build.0 = Debug|Any CPU
		{3C6B5C4E-3E87-4E3E-8FE1-78D989B0C1E5}.Release|Any CPU.ActiveCfg = Release|Any CPU
		{3C6B5C4E-3E87-4E3E-8FE1-78D989B0C1E5}.Release|Any CPU.Build.0 = Release|Any CPU
		{3C6B5C4E-3E87-4E3E-8FE1-78D989B0C1E5}.Release|x64.ActiveCfg = Release|Any CPU
		{3C6B5C4E-3E87-4E3E-8FE1-78D989B0C1E5}.Release|x64.Build.0 = Release|Any CPU
		{3C6B5C4E-3E87-4E3E-8FE1-78D989B0C1E5}.Release|x86.ActiveCfg = Release|Any CPU
		{3C6B5C4E-3E87-4E3E-8FE1-78D989B0C1E5}.Release|x86.Build.0 = Release|Any CPU
		{BB225ADB-E082-47D7-828E-FE3BAC04BE93}.Debug|Any CPU.ActiveCfg = Debug|Any CPU
		{BB225ADB-E082-47D7-828E-FE3BAC04BE93}.Debug|Any CPU.Build.0 = Debug|Any CPU
		{BB225ADB-E082-47D7-828E-FE3BAC04BE93}.Debug|x64.ActiveCfg = Debug|Any CPU
		{BB225ADB-E082-47D7-828E-FE3BAC04BE93}.Debug|x64.Build.0 = Debug|Any CPU
		{BB225ADB-E082-47D7-828E-FE3BAC04BE93}.Debug|x86.ActiveCfg = Debug|Any CPU
		{BB225ADB-E082-47D7-828E-FE3BAC04BE93}.Debug|x86.Build.0 = Debug|Any CPU
		{BB225ADB-E082-47D7-828E-FE3BAC04BE93}.Release|Any CPU.ActiveCfg = Release|Any CPU
		{BB225ADB-E082-47D7-828E-FE3BAC04BE93}.Release|Any CPU.Build.0 = Release|Any CPU
		{BB225ADB-E082-47D7-828E-FE3BAC04BE93}.Release|x64.ActiveCfg = Release|Any CPU
		{BB225ADB-E082-47D7-828E-FE3BAC04BE93}.Release|x64.Build.0 = Release|Any CPU
		{BB225ADB-E082-47D7-828E-FE3BAC04BE93}.Release|x86.ActiveCfg = Release|Any CPU
		{BB225ADB-E082-47D7-828E-FE3BAC04BE93}.Release|x86.Build.0 = Release|Any CPU
	EndGlobalSection
	GlobalSection(SolutionProperties) = preSolution
		HideSolutionNode = FALSE
	EndGlobalSection
	GlobalSection(ExtensibilityGlobals) = postSolution
		SolutionGuid = {AF9342BE-9379-4F0A-9B94-A9331025951B}
	EndGlobalSection
EndGlobal
